
Microsoft Visual Studio Solution File, Format Version 12.00
# Visual Studio Version 17
VisualStudioVersion = 17.7.34202.233
MinimumVisualStudioVersion = 10.0.40219.1
Project("{FAE04EC0-301F-11D3-BF4B-00C04F79EFBC}") = "ColasED", "ColasED\ColasED.csproj", "{6CBD3A84-2449-4DB8-B88E-8C7078B20FCA}"
EndProject
Global
	GlobalSection(SolutionConfigurationPlatforms) = preSolution
		Debug|Any CPU = Debug|Any CPU
		Release|Any CPU = Release|Any CPU
	EndGlobalSection
	GlobalSection(ProjectConfigurationPlatforms) = postSolution
		{6CBD3A84-2449-4DB8-B88E-8C7078B20FCA}.Debug|Any CPU.ActiveCfg = Debug|Any CPU
		{6CBD3A84-2449-4DB8-B88E-8C7078B20FCA}.Debug|Any CPU.Build.0 = Debug|Any CPU
		{6CBD3A84-2449-4DB8-B88E-8C7078B20FCA}.Release|Any CPU.ActiveCfg = Release|Any CPU
		{6CBD3A84-2449-4DB8-B88E-8C7078B20FCA}.Release|Any CPU.Build.0 = Release|Any CPU
	EndGlobalSection
	GlobalSection(SolutionProperties) = preSolution
		HideSolutionNode = FALSE
	EndGlobalSection
	GlobalSection(ExtensibilityGlobals) = postSolution
		SolutionGuid = {DB9BA55E-0423-435E-959C-17489E973CAB}
	EndGlobalSection
EndGlobal
